
Microsoft Visual Studio Solution File, Format Version 12.00
# Visual Studio 15
VisualStudioVersion = 15.0.26430.16
MinimumVisualStudioVersion = 10.0.40219.1
Project("{2150E333-8FDC-42A3-9474-1A3956D46DE8}") = "src", "src", "{C20D30D5-9764-4F93-80C6-C222C011CAFF}"
EndProject
Project("{9A19103F-16F7-4668-BE54-9A1E7A4F7556}") = "N26", "src\N26\N26.csproj", "{B7330A57-7110-4D6A-B768-43F98B4B3019}"
EndProject
Project("{2150E333-8FDC-42A3-9474-1A3956D46DE8}") = "test", "test", "{80F3206C-1550-4D55-BC55-6B349CF97280}"
EndProject
Project("{9A19103F-16F7-4668-BE54-9A1E7A4F7556}") = "N26.Tests", "test\N26.Tests\N26.Tests.csproj", "{FCF3F0C4-3CAA-4CD1-BD36-693F41731593}"
EndProject
Global
	GlobalSection(SolutionConfigurationPlatforms) = preSolution
		Debug|Any CPU = Debug|Any CPU
		Release|Any CPU = Release|Any CPU
	EndGlobalSection
	GlobalSection(ProjectConfigurationPlatforms) = postSolution
		{B7330A57-7110-4D6A-B768-43F98B4B3019}.Debug|Any CPU.ActiveCfg = Debug|Any CPU
		{B7330A57-7110-4D6A-B768-43F98B4B3019}.Debug|Any CPU.Build.0 = Debug|Any CPU
		{B7330A57-7110-4D6A-B768-43F98B4B3019}.Release|Any CPU.ActiveCfg = Release|Any CPU
		{B7330A57-7110-4D6A-B768-43F98B4B3019}.Release|Any CPU.Build.0 = Release|Any CPU
		{FCF3F0C4-3CAA-4CD1-BD36-693F41731593}.Debug|Any CPU.ActiveCfg = Debug|Any CPU
		{FCF3F0C4-3CAA-4CD1-BD36-693F41731593}.Debug|Any CPU.Build.0 = Debug|Any CPU
		{FCF3F0C4-3CAA-4CD1-BD36-693F41731593}.Release|Any CPU.ActiveCfg = Release|Any CPU
		{FCF3F0C4-3CAA-4CD1-BD36-693F41731593}.Release|Any CPU.Build.0 = Release|Any CPU
	EndGlobalSection
	GlobalSection(SolutionProperties) = preSolution
		HideSolutionNode = FALSE
	EndGlobalSection
	GlobalSection(NestedProjects) = preSolution
		{B7330A57-7110-4D6A-B768-43F98B4B3019} = {C20D30D5-9764-4F93-80C6-C222C011CAFF}
		{FCF3F0C4-3CAA-4CD1-BD36-693F41731593} = {80F3206C-1550-4D55-BC55-6B349CF97280}
	EndGlobalSection
EndGlobal
